
Microsoft Visual Studio Solution File, Format Version 12.00
# Visual Studio Version 17
VisualStudioVersion = 17.7.34009.444
MinimumVisualStudioVersion = 10.0.40219.1
Project("{FAE04EC0-301F-11D3-BF4B-00C04F79EFBC}") = "PLAYSCRIBE_Backend", "PLAYSCRIBE_Backend.csproj", "{F8846F72-F823-41D8-B348-6745C9B329D3}"
EndProject
Global
	GlobalSection(SolutionConfigurationPlatforms) = preSolution
		Debug|Any CPU = Debug|Any CPU
		Release|Any CPU = Release|Any CPU
	EndGlobalSection
	GlobalSection(ProjectConfigurationPlatforms) = postSolution
		{F8846F72-F823-41D8-B348-6745C9B329D3}.Debug|Any CPU.ActiveCfg = Debug|Any CPU
		{F8846F72-F823-41D8-B348-6745C9B329D3}.Debug|Any CPU.Build.0 = Debug|Any CPU
		{F8846F72-F823-41D8-B348-6745C9B329D3}.Release|Any CPU.ActiveCfg = Release|Any CPU
		{F8846F72-F823-41D8-B348-6745C9B329D3}.Release|Any CPU.Build.0 = Release|Any CPU
	EndGlobalSection
	GlobalSection(SolutionProperties) = preSolution
		HideSolutionNode = FALSE
	EndGlobalSection
	GlobalSection(ExtensibilityGlobals) = postSolution
		SolutionGuid = {9F007188-3C13-4873-BDA6-DFA5195D5523}
	EndGlobalSection
EndGlobal
